// !$*UTF8*$!
{
	archiveVersion = 1;
	classes = {
	};
	objectVersion = 56;
	objects = {

/* Begin PBXBuildFile section */
		EF6C466B29784E0C0084F6F4 /* AppDelegate.swift in Sources */ = {isa = PBXBuildFile; fileRef = EF6C466A29784E0C0084F6F4 /* AppDelegate.swift */; };
		EF6C466D29784E0C0084F6F4 /* SceneDelegate.swift in Sources */ = {isa = PBXBuildFile; fileRef = EF6C466C29784E0C0084F6F4 /* SceneDelegate.swift */; };
		EF6C466F29784E0C0084F6F4 /* ViewController.swift in Sources */ = {isa = PBXBuildFile; fileRef = EF6C466E29784E0C0084F6F4 /* ViewController.swift */; };
		EF6C467229784E0C0084F6F4 /* Main.storyboard in Resources */ = {isa = PBXBuildFile; fileRef = EF6C467029784E0C0084F6F4 /* Main.storyboard */; };
		EF6C467529784E0C0084F6F4 /* image.xcdatamodeld in Sources */ = {isa = PBXBuildFile; fileRef = EF6C467329784E0C0084F6F4 /* image.xcdatamodeld */; };
		EF6C467729784E0D0084F6F4 /* Assets.xcassets in Resources */ = {isa = PBXBuildFile; fileRef = EF6C467629784E0D0084F6F4 /* Assets.xcassets */; };
		EF6C467A29784E0D0084F6F4 /* LaunchScreen.storyboard in Resources */ = {isa = PBXBuildFile; fileRef = EF6C467829784E0D0084F6F4 /* LaunchScreen.storyboard */; };
		EF797060298BF5A200A92A4A /* SwiftyJSON in Frameworks */ = {isa = PBXBuildFile; productRef = EF79705F298BF5A200A92A4A /* SwiftyJSON */; };
		EF797062298D440000A92A4A /* MyCollectionViewCell.swift in Sources */ = {isa = PBXBuildFile; fileRef = EF797061298D440000A92A4A /* MyCollectionViewCell.swift */; };
		EFC9DFA129895FB700B2E19F /* Image.swift in Sources */ = {isa = PBXBuildFile; fileRef = EFC9DFA029895FB700B2E19F /* Image.swift */; };
		EFC9DFA4298A901500B2E19F /* Alamofire in Frameworks */ = {isa = PBXBuildFile; productRef = EFC9DFA3298A901500B2E19F /* Alamofire */; };
/* End PBXBuildFile section */

/* Begin PBXFileReference section */
		EF6C466729784E0C0084F6F4 /* image.app */ = {isa = PBXFileReference; explicitFileType = wrapper.application; includeInIndex = 0; path = image.app; sourceTree = BUILT_PRODUCTS_DIR; };
		EF6C466A29784E0C0084F6F4 /* AppDelegate.swift */ = {isa = PBXFileReference; lastKnownFileType = sourcecode.swift; path = AppDelegate.swift; sourceTree = "<group>"; };
		EF6C466C29784E0C0084F6F4 /* SceneDelegate.swift */ = {isa = PBXFileReference; lastKnownFileType = sourcecode.swift; path = SceneDelegate.swift; sourceTree = "<group>"; };
		EF6C466E29784E0C0084F6F4 /* ViewController.swift */ = {isa = PBXFileReference; lastKnownFileType = sourcecode.swift; path = ViewController.swift; sourceTree = "<group>"; };
		EF6C467129784E0C0084F6F4 /* Base */ = {isa = PBXFileReference; lastKnownFileType = file.storyboard; name = Base; path = Base.lproj/Main.storyboard; sourceTree = "<group>"; };
		EF6C467429784E0C0084F6F4 /* image.xcdatamodel */ = {isa = PBXFileReference; lastKnownFileType = wrapper.xcdatamodel; path = image.xcdatamodel; sourceTree = "<group>"; };
		EF6C467629784E0D0084F6F4 /* Assets.xcassets */ = {isa = PBXFileReference; lastKnownFileType = folder.assetcatalog; path = Assets.xcassets; sourceTree = "<group>"; };
		EF6C467929784E0D0084F6F4 /* Base */ = {isa = PBXFileReference; lastKnownFileType = file.storyboard; name = Base; path = Base.lproj/LaunchScreen.storyboard; sourceTree = "<group>"; };
		EF6C467B29784E0D0084F6F4 /* Info.plist */ = {isa = PBXFileReference; lastKnownFileType = text.plist.xml; path = Info.plist; sourceTree = "<group>"; };
		EF797061298D440000A92A4A /* MyCollectionViewCell.swift */ = {isa = PBXFileReference; lastKnownFileType = sourcecode.swift; path = MyCollectionViewCell.swift; sourceTree = "<group>"; };
		EFC9DFA029895FB700B2E19F /* Image.swift */ = {isa = PBXFileReference; lastKnownFileType = sourcecode.swift; path = Image.swift; sourceTree = "<group>"; };
/* End PBXFileReference section */

/* Begin PBXFrameworksBuildPhase section */
		EF6C466429784E0C0084F6F4 /* Frameworks */ = {
			isa = PBXFrameworksBuildPhase;
			buildActionMask = 2147483647;
			files = (
				EF797060298BF5A200A92A4A /* SwiftyJSON in Frameworks */,
				EFC9DFA4298A901500B2E19F /* Alamofire in Frameworks */,
			);
			runOnlyForDeploymentPostprocessing = 0;
		};
/* End PBXFrameworksBuildPhase section */

/* Begin PBXGroup section */
		EF6C465E29784E0C0084F6F4 = {
			isa = PBXGroup;
			children = (
				EF6C466929784E0C0084F6F4 /* image */,
				EF6C466829784E0C0084F6F4 /* Products */,
			);
			sourceTree = "<group>";
		};
		EF6C466829784E0C0084F6F4 /* Products */ = {
			isa = PBXGroup;
			children = (
				EF6C466729784E0C0084F6F4 /* image.app */,
			);
			name = Products;
			sourceTree = "<group>";
		};
		EF6C466929784E0C0084F6F4 /* image */ = {
			isa = PBXGroup;
			children = (
				EF6C466A29784E0C0084F6F4 /* AppDelegate.swift */,
				EF6C466C29784E0C0084F6F4 /* SceneDelegate.swift */,
				EF6C466E29784E0C0084F6F4 /* ViewController.swift */,
				EF797061298D440000A92A4A /* MyCollectionViewCell.swift */,
				EFC9DFA029895FB700B2E19F /* Image.swift */,
				EF6C467029784E0C0084F6F4 /* Main.storyboard */,
				EF6C467629784E0D0084F6F4 /* Assets.xcassets */,
				EF6C467829784E0D0084F6F4 /* LaunchScreen.storyboard */,
				EF6C467B29784E0D0084F6F4 /* Info.plist */,
				EF6C467329784E0C0084F6F4 /* image.xcdatamodeld */,
			);
			path = image;
			sourceTree = "<group>";
		};
/* End PBXGroup section */

/* Begin PBXNativeTarget section */
		EF6C466629784E0C0084F6F4 /* image */ = {
			isa = PBXNativeTarget;
			buildConfigurationList = EF6C467E29784E0D0084F6F4 /* Build configuration list for PBXNativeTarget "image" */;
			buildPhases = (
				EF6C466329784E0C0084F6F4 /* Sources */,
				EF6C466429784E0C0084F6F4 /* Frameworks */,
				EF6C466529784E0C0084F6F4 /* Resources */,
			);
			buildRules = (
			);
			dependencies = (
			);
			name = image;
			packageProductDependencies = (
				EFC9DFA3298A901500B2E19F /* Alamofire */,
				EF79705F298BF5A200A92A4A /* SwiftyJSON */,
			);
			productName = image;
			productReference = EF6C466729784E0C0084F6F4 /* image.app */;
			productType = "com.apple.product-type.application";
		};
/* End PBXNativeTarget section */

/* Begin PBXProject section */
		EF6C465F29784E0C0084F6F4 /* Project object */ = {
			isa = PBXProject;
			attributes = {
				BuildIndependentTargetsInParallel = 1;
				LastSwiftUpdateCheck = 1420;
				LastUpgradeCheck = 1420;
				TargetAttributes = {
					EF6C466629784E0C0084F6F4 = {
						CreatedOnToolsVersion = 14.2;
					};
				};
			};
			buildConfigurationList = EF6C466229784E0C0084F6F4 /* Build configuration list for PBXProject "Image" */;
			compatibilityVersion = "Xcode 14.0";
			developmentRegion = en;
			hasScannedForEncodings = 0;
			knownRegions = (
				en,
				Base,
			);
			mainGroup = EF6C465E29784E0C0084F6F4;
			packageReferences = (
				EFC9DFA2298A901500B2E19F /* XCRemoteSwiftPackageReference "Alamofire" */,
				EF79705E298BF5A200A92A4A /* XCRemoteSwiftPackageReference "SwiftyJSON" */,
			);
			productRefGroup = EF6C466829784E0C0084F6F4 /* Products */;
			projectDirPath = "";
			projectRoot = "";
			targets = (
				EF6C466629784E0C0084F6F4 /* image */,
			);
		};
/* End PBXProject section */

/* Begin PBXResourcesBuildPhase section */
		EF6C466529784E0C0084F6F4 /* Resources */ = {
			isa = PBXResourcesBuildPhase;
			buildActionMask = 2147483647;
			files = (
				EF6C467A29784E0D0084F6F4 /* LaunchScreen.storyboard in Resources */,
				EF6C467729784E0D0084F6F4 /* Assets.xcassets in Resources */,
				EF6C467229784E0C0084F6F4 /* Main.storyboard in Resources */,
			);
			runOnlyForDeploymentPostprocessing = 0;
		};
/* End PBXResourcesBuildPhase section */

/* Begin PBXSourcesBuildPhase section */
		EF6C466329784E0C0084F6F4 /* Sources */ = {
			isa = PBXSourcesBuildPhase;
			buildActionMask = 2147483647;
			files = (
				EFC9DFA129895FB700B2E19F /* Image.swift in Sources */,
				EF6C466F29784E0C0084F6F4 /* ViewController.swift in Sources */,
				EF797062298D440000A92A4A /* MyCollectionViewCell.swift in Sources */,
				EF6C467529784E0C0084F6F4 /* image.xcdatamodeld in Sources */,
				EF6C466B29784E0C0084F6F4 /* AppDelegate.swift in Sources */,
				EF6C466D29784E0C0084F6F4 /* SceneDelegate.swift in Sources */,
			);
			runOnlyForDeploymentPostprocessing = 0;
		};
/* End PBXSourcesBuildPhase section */

/* Begin PBXVariantGroup section */
		EF6C467029784E0C0084F6F4 /* Main.storyboard */ = {
			isa = PBXVariantGroup;
			children = (
				EF6C467129784E0C0084F6F4 /* Base */,
			);
			name = Main.storyboard;
			sourceTree = "<group>";
		};
		EF6C467829784E0D0084F6F4 /* LaunchScreen.storyboard */ = {
			isa = PBXVariantGroup;
			children = (
				EF6C467929784E0D0084F6F4 /* Base */,
			);
			name = LaunchScreen.storyboard;
			sourceTree = "<group>";
		};
/* End PBXVariantGroup section */

/* Begin XCBuildConfiguration section */
		EF6C467C29784E0D0084F6F4 /* Debug */ = {
			isa = XCBuildConfiguration;
			buildSettings = {
				ALWAYS_SEARCH_USER_PATHS = NO;
				CLANG_ANALYZER_NONNULL = YES;
				CLANG_ANALYZER_NUMBER_OBJECT_CONVERSION = YES_AGGRESSIVE;
				CLANG_CXX_LANGUAGE_STANDARD = "gnu++20";
				CLANG_ENABLE_MODULES = YES;
				CLANG_ENABLE_OBJC_ARC = YES;
				CLANG_ENABLE_OBJC_WEAK = YES;
				CLANG_WARN_BLOCK_CAPTURE_AUTORELEASING = YES;
				CLANG_WARN_BOOL_CONVERSION = YES;
				CLANG_WARN_COMMA = YES;
				CLANG_WARN_CONSTANT_CONVERSION = YES;
				CLANG_WARN_DEPRECATED_OBJC_IMPLEMENTATIONS = YES;
				CLANG_WARN_DIRECT_OBJC_ISA_USAGE = YES_ERROR;
				CLANG_WARN_DOCUMENTATION_COMMENTS = YES;
				CLANG_WARN_EMPTY_BODY = YES;
				CLANG_WARN_ENUM_CONVERSION = YES;
				CLANG_WARN_INFINITE_RECURSION = YES;
				CLANG_WARN_INT_CONVERSION = YES;
				CLANG_WARN_NON_LITERAL_NULL_CONVERSION = YES;
				CLANG_WARN_OBJC_IMPLICIT_RETAIN_SELF = YES;
				CLANG_WARN_OBJC_LITERAL_CONVERSION = YES;
				CLANG_WARN_OBJC_ROOT_CLASS = YES_ERROR;
				CLANG_WARN_QUOTED_INCLUDE_IN_FRAMEWORK_HEADER = YES;
				CLANG_WARN_RANGE_LOOP_ANALYSIS = YES;
				CLANG_WARN_STRICT_PROTOTYPES = YES;
				CLANG_WARN_SUSPICIOUS_MOVE = YES;
				CLANG_WARN_UNGUARDED_AVAILABILITY = YES_AGGRESSIVE;
				CLANG_WARN_UNREACHABLE_CODE = YES;
				CLANG_WARN__DUPLICATE_METHOD_MATCH = YES;
				COPY_PHASE_STRIP = NO;
				DEBUG_INFORMATION_FORMAT = dwarf;
				ENABLE_STRICT_OBJC_MSGSEND = YES;
				ENABLE_TESTABILITY = YES;
				GCC_C_LANGUAGE_STANDARD = gnu11;
				GCC_DYNAMIC_NO_PIC = NO;
				GCC_NO_COMMON_BLOCKS = YES;
				GCC_OPTIMIZATION_LEVEL = 0;
				GCC_PREPROCESSOR_DEFINITIONS = (
					"DEBUG=1",
					"$(inherited)",
				);
				GCC_WARN_64_TO_32_BIT_CONVERSION = YES;
				GCC_WARN_ABOUT_RETURN_TYPE = YES_ERROR;
				GCC_WARN_UNDECLARED_SELECTOR = YES;
				GCC_WARN_UNINITIALIZED_AUTOS = YES_AGGRESSIVE;
				GCC_WARN_UNUSED_FUNCTION = YES;
				GCC_WARN_UNUSED_VARIABLE = YES;
				IPHONEOS_DEPLOYMENT_TARGET = 16.2;
				MTL_ENABLE_DEBUG_INFO = INCLUDE_SOURCE;
				MTL_FAST_MATH = YES;
				ONLY_ACTIVE_ARCH = YES;
				SDKROOT = iphoneos;
				SWIFT_ACTIVE_COMPILATION_CONDITIONS = DEBUG;
				SWIFT_OPTIMIZATION_LEVEL = "-Onone";
			};
			name = Debug;
		};
		EF6C467D29784E0D0084F6F4 /* Release */ = {
			isa = XCBuildConfiguration;
			buildSettings = {
				ALWAYS_SEARCH_USER_PATHS = NO;
				CLANG_ANALYZER_NONNULL = YES;
				CLANG_ANALYZER_NUMBER_OBJECT_CONVERSION = YES_AGGRESSIVE;
				CLANG_CXX_LANGUAGE_STANDARD = "gnu++20";
				CLANG_ENABLE_MODULES = YES;
				CLANG_ENABLE_OBJC_ARC = YES;
				CLANG_ENABLE_OBJC_WEAK = YES;
				CLANG_WARN_BLOCK_CAPTURE_AUTORELEASING = YES;
				CLANG_WARN_BOOL_CONVERSION = YES;
				CLANG_WARN_COMMA = YES;
				CLANG_WARN_CONSTANT_CONVERSION = YES;
				CLANG_WARN_DEPRECATED_OBJC_IMPLEMENTATIONS = YES;
				CLANG_WARN_DIRECT_OBJC_ISA_USAGE = YES_ERROR;
				CLANG_WARN_DOCUMENTATION_COMMENTS = YES;
				CLANG_WARN_EMPTY_BODY = YES;
				CLANG_WARN_ENUM_CONVERSION = YES;
				CLANG_WARN_INFINITE_RECURSION = YES;
				CLANG_WARN_INT_CONVERSION = YES;
				CLANG_WARN_NON_LITERAL_NULL_CONVERSION = YES;
				CLANG_WARN_OBJC_IMPLICIT_RETAIN_SELF = YES;
				CLANG_WARN_OBJC_LITERAL_CONVERSION = YES;
				CLANG_WARN_OBJC_ROOT_CLASS = YES_ERROR;
				CLANG_WARN_QUOTED_INCLUDE_IN_FRAMEWORK_HEADER = YES;
				CLANG_WARN_RANGE_LOOP_ANALYSIS = YES;
				CLANG_WARN_STRICT_PROTOTYPES = YES;
				CLANG_WARN_SUSPICIOUS_MOVE = YES;
				CLANG_WARN_UNGUARDED_AVAILABILITY = YES_AGGRESSIVE;
				CLANG_WARN_UNREACHABLE_CODE = YES;
				CLANG_WARN__DUPLICATE_METHOD_MATCH = YES;
				COPY_PHASE_STRIP = NO;
				DEBUG_INFORMATION_FORMAT = "dwarf-with-dsym";
				ENABLE_NS_ASSERTIONS = NO;
				ENABLE_STRICT_OBJC_MSGSEND = YES;
				GCC_C_LANGUAGE_STANDARD = gnu11;
				GCC_NO_COMMON_BLOCKS = YES;
				GCC_WARN_64_TO_32_BIT_CONVERSION = YES;
				GCC_WARN_ABOUT_RETURN_TYPE = YES_ERROR;
				GCC_WARN_UNDECLARED_SELECTOR = YES;
				GCC_WARN_UNINITIALIZED_AUTOS = YES_AGGRESSIVE;
				GCC_WARN_UNUSED_FUNCTION = YES;
				GCC_WARN_UNUSED_VARIABLE = YES;
				IPHONEOS_DEPLOYMENT_TARGET = 16.2;
				MTL_ENABLE_DEBUG_INFO = NO;
				MTL_FAST_MATH = YES;
				SDKROOT = iphoneos;
				SWIFT_COMPILATION_MODE = wholemodule;
				SWIFT_OPTIMIZATION_LEVEL = "-O";
				VALIDATE_PRODUCT = YES;
			};
			name = Release;
		};
		EF6C467F29784E0D0084F6F4 /* Debug */ = {
			isa = XCBuildConfiguration;
			buildSettings = {
				ASSETCATALOG_COMPILER_APPICON_NAME = AppIcon;
				ASSETCATALOG_COMPILER_GLOBAL_ACCENT_COLOR_NAME = AccentColor;
				CODE_SIGN_STYLE = Automatic;
				CURRENT_PROJECT_VERSION = 1;
				DEVELOPMENT_TEAM = YJAFX8A39T;
				GENERATE_INFOPLIST_FILE = YES;
				INFOPLIST_FILE = image/Info.plist;
				INFOPLIST_KEY_UIApplicationSupportsIndirectInputEvents = YES;
				INFOPLIST_KEY_UILaunchStoryboardName = LaunchScreen;
				INFOPLIST_KEY_UIMainStoryboardFile = Main;
				INFOPLIST_KEY_UISupportedInterfaceOrientations_iPad = "UIInterfaceOrientationPortrait UIInterfaceOrientationPortraitUpsideDown UIInterfaceOrientationLandscapeLeft UIInterfaceOrientationLandscapeRight";
				INFOPLIST_KEY_UISupportedInterfaceOrientations_iPhone = "UIInterfaceOrientationPortrait UIInterfaceOrientationLandscapeLeft UIInterfaceOrientationLandscapeRight";
				LD_RUNPATH_SEARCH_PATHS = (
					"$(inherited)",
					"@executable_path/Frameworks",
				);
				MARKETING_VERSION = 1.0;
				PRODUCT_BUNDLE_IDENTIFIER = NA.image;
				PRODUCT_NAME = "$(TARGET_NAME)";
				SWIFT_EMIT_LOC_STRINGS = YES;
				SWIFT_VERSION = 5.0;
				TARGETED_DEVICE_FAMILY = "1,2";
			};
			name = Debug;
		};
		EF6C468029784E0D0084F6F4 /* Release */ = {
			isa = XCBuildConfiguration;
			buildSettings = {
				ASSETCATALOG_COMPILER_APPICON_NAME = AppIcon;
				ASSETCATALOG_COMPILER_GLOBAL_ACCENT_COLOR_NAME = AccentColor;
				CODE_SIGN_STYLE = Automatic;
				CURRENT_PROJECT_VERSION = 1;
				DEVELOPMENT_TEAM = YJAFX8A39T;
				GENERATE_INFOPLIST_FILE = YES;
				INFOPLIST_FILE = image/Info.plist;
				INFOPLIST_KEY_UIApplicationSupportsIndirectInputEvents = YES;
				INFOPLIST_KEY_UILaunchStoryboardName = LaunchScreen;
				INFOPLIST_KEY_UIMainStoryboardFile = Main;
				INFOPLIST_KEY_UISupportedInterfaceOrientations_iPad = "UIInterfaceOrientationPortrait UIInterfaceOrientationPortraitUpsideDown UIInterfaceOrientationLandscapeLeft UIInterfaceOrientationLandscapeRight";
				INFOPLIST_KEY_UISupportedInterfaceOrientations_iPhone = "UIInterfaceOrientationPortrait UIInterfaceOrientationLandscapeLeft UIInterfaceOrientationLandscapeRight";
				LD_RUNPATH_SEARCH_PATHS = (
					"$(inherited)",
					"@executable_path/Frameworks",
				);
				MARKETING_VERSION = 1.0;
				PRODUCT_BUNDLE_IDENTIFIER = NA.image;
				PRODUCT_NAME = "$(TARGET_NAME)";
				SWIFT_EMIT_LOC_STRINGS = YES;
				SWIFT_VERSION = 5.0;
				TARGETED_DEVICE_FAMILY = "1,2";
			};
			name = Release;
		};
/* End XCBuildConfiguration section */

/* Begin XCConfigurationList section */
		EF6C466229784E0C0084F6F4 /* Build configuration list for PBXProject "Image" */ = {
			isa = XCConfigurationList;
			buildConfigurations = (
				EF6C467C29784E0D0084F6F4 /* Debug */,
				EF6C467D29784E0D0084F6F4 /* Release */,
			);
			defaultConfigurationIsVisible = 0;
			defaultConfigurationName = Release;
		};
		EF6C467E29784E0D0084F6F4 /* Build configuration list for PBXNativeTarget "image" */ = {
			isa = XCConfigurationList;
			buildConfigurations = (
				EF6C467F29784E0D0084F6F4 /* Debug */,
				EF6C468029784E0D0084F6F4 /* Release */,
			);
			defaultConfigurationIsVisible = 0;
			defaultConfigurationName = Release;
		};
/* End XCConfigurationList section */

/* Begin XCRemoteSwiftPackageReference section */
		EF79705E298BF5A200A92A4A /* XCRemoteSwiftPackageReference "SwiftyJSON" */ = {
			isa = XCRemoteSwiftPackageReference;
			repositoryURL = "https://github.com/SwiftyJSON/SwiftyJSON.git";
			requirement = {
				kind = upToNextMajorVersion;
				minimumVersion = 5.0.0;
			};
		};
		EFC9DFA2298A901500B2E19F /* XCRemoteSwiftPackageReference "Alamofire" */ = {
			isa = XCRemoteSwiftPackageReference;
			repositoryURL = "https://github.com/Alamofire/Alamofire.git";
			requirement = {
				kind = upToNextMajorVersion;
				minimumVersion = 5.0.0;
			};
		};
/* End XCRemoteSwiftPackageReference section */

/* Begin XCSwiftPackageProductDependency section */
		EF79705F298BF5A200A92A4A /* SwiftyJSON */ = {
			isa = XCSwiftPackageProductDependency;
			package = EF79705E298BF5A200A92A4A /* XCRemoteSwiftPackageReference "SwiftyJSON" */;
			productName = SwiftyJSON;
		};
		EFC9DFA3298A901500B2E19F /* Alamofire */ = {
			isa = XCSwiftPackageProductDependency;
			package = EFC9DFA2298A901500B2E19F /* XCRemoteSwiftPackageReference "Alamofire" */;
			productName = Alamofire;
		};
/* End XCSwiftPackageProductDependency section */

/* Begin XCVersionGroup section */
		EF6C467329784E0C0084F6F4 /* image.xcdatamodeld */ = {
			isa = XCVersionGroup;
			children = (
				EF6C467429784E0C0084F6F4 /* image.xcdatamodel */,
			);
			currentVersion = EF6C467429784E0C0084F6F4 /* image.xcdatamodel */;
			path = image.xcdatamodeld;
			sourceTree = "<group>";
			versionGroupType = wrapper.xcdatamodel;
		};
/* End XCVersionGroup section */
	};
	rootObject = EF6C465F29784E0C0084F6F4 /* Project object */;
}
